
Microsoft Visual Studio Solution File, Format Version 12.00
# Visual Studio Version 16
VisualStudioVersion = 16.0.31729.503
MinimumVisualStudioVersion = 10.0.40219.1
Project("{9A19103F-16F7-4668-BE54-9A1E7A4F7556}") = "ProjCharGenerator", "ProjCharGenerator\ProjCharGenerator.csproj", "{CD98968C-8569-4F38-959F-964A60044A0A}"
EndProject
Project("{FAE04EC0-301F-11D3-BF4B-00C04F79EFBC}") = "UnitTests", "UnitTests\UnitTests.csproj", "{12AE7117-2042-4921-A4B3-BB4CA141CD8F}"
EndProject
Global
	GlobalSection(SolutionConfigurationPlatforms) = preSolution
		Debug|Any CPU = Debug|Any CPU
		Release|Any CPU = Release|Any CPU
	EndGlobalSection
	GlobalSection(ProjectConfigurationPlatforms) = postSolution
		{CD98968C-8569-4F38-959F-964A60044A0A}.Debug|Any CPU.ActiveCfg = Debug|Any CPU
		{CD98968C-8569-4F38-959F-964A60044A0A}.Debug|Any CPU.Build.0 = Debug|Any CPU
		{CD98968C-8569-4F38-959F-964A60044A0A}.Release|Any CPU.ActiveCfg = Release|Any CPU
		{CD98968C-8569-4F38-959F-964A60044A0A}.Release|Any CPU.Build.0 = Release|Any CPU
		{12AE7117-2042-4921-A4B3-BB4CA141CD8F}.Debug|Any CPU.ActiveCfg = Debug|Any CPU
		{12AE7117-2042-4921-A4B3-BB4CA141CD8F}.Debug|Any CPU.Build.0 = Debug|Any CPU
		{12AE7117-2042-4921-A4B3-BB4CA141CD8F}.Release|Any CPU.ActiveCfg = Release|Any CPU
		{12AE7117-2042-4921-A4B3-BB4CA141CD8F}.Release|Any CPU.Build.0 = Release|Any CPU
	EndGlobalSection
	GlobalSection(SolutionProperties) = preSolution
		HideSolutionNode = FALSE
	EndGlobalSection
	GlobalSection(ExtensibilityGlobals) = postSolution
		SolutionGuid = {CABEFB27-4529-4421-BFFF-F33438DF6C0A}
	EndGlobalSection
EndGlobal
